// !$*UTF8*$!
{
	archiveVersion = 1;
	classes = {
	};
	objectVersion = 50;
	objects = {

/* Begin PBXBuildFile section */
		9259FFD821A038C8005128C0 /* AppDelegate.m in Sources */ = {isa = PBXBuildFile; fileRef = 9259FFD721A038C7005128C0 /* AppDelegate.m */; };
		9259FFDB21A038C8005128C0 /* ViewController.m in Sources */ = {isa = PBXBuildFile; fileRef = 9259FFDA21A038C8005128C0 /* ViewController.m */; };
		9259FFDE21A038C8005128C0 /* Main.storyboard in Resources */ = {isa = PBXBuildFile; fileRef = 9259FFDC21A038C8005128C0 /* Main.storyboard */; };
		9259FFE021A038CD005128C0 /* Assets.xcassets in Resources */ = {isa = PBXBuildFile; fileRef = 9259FFDF21A038CD005128C0 /* Assets.xcassets */; };
		9259FFE321A038CD005128C0 /* LaunchScreen.storyboard in Resources */ = {isa = PBXBuildFile; fileRef = 9259FFE121A038CD005128C0 /* LaunchScreen.storyboard */; };
		9259FFE621A038CD005128C0 /* main.m in Sources */ = {isa = PBXBuildFile; fileRef = 9259FFE521A038CD005128C0 /* main.m */; };
		9259FFF021A038CE005128C0 /* feedTests.m in Sources */ = {isa = PBXBuildFile; fileRef = 9259FFEF21A038CE005128C0 /* feedTests.m */; };
		9259FFFB21A038CE005128C0 /* feedUITests.m in Sources */ = {isa = PBXBuildFile; fileRef = 9259FFFA21A038CE005128C0 /* feedUITests.m */; };
/* End PBXBuildFile section */

/* Begin PBXContainerItemProxy section */
		9259FFEC21A038CE005128C0 /* PBXContainerItemProxy */ = {
			isa = PBXContainerItemProxy;
			containerPortal = 9259FFCB21A038C7005128C0 /* Project object */;
			proxyType = 1;
			remoteGlobalIDString = 9259FFD221A038C7005128C0;
			remoteInfo = demo;
		};
		9259FFF721A038CE005128C0 /* PBXContainerItemProxy */ = {
			isa = PBXContainerItemProxy;
			containerPortal = 9259FFCB21A038C7005128C0 /* Project object */;
			proxyType = 1;
			remoteGlobalIDString = 9259FFD221A038C7005128C0;
			remoteInfo = demo;
		};
/* End PBXContainerItemProxy section */

/* Begin PBXFileReference section */
		9259FFD321A038C7005128C0 /* feed.app */ = {isa = PBXFileReference; explicitFileType = wrapper.application; includeInIndex = 0; path = feed.app; sourceTree = BUILT_PRODUCTS_DIR; };
		9259FFD621A038C7005128C0 /* AppDelegate.h */ = {isa = PBXFileReference; lastKnownFileType = sourcecode.c.h; path = AppDelegate.h; sourceTree = "<group>"; };
		9259FFD721A038C7005128C0 /* AppDelegate.m */ = {isa = PBXFileReference; lastKnownFileType = sourcecode.c.objc; path = AppDelegate.m; sourceTree = "<group>"; };
		9259FFD921A038C8005128C0 /* ViewController.h */ = {isa = PBXFileReference; lastKnownFileType = sourcecode.c.h; path = ViewController.h; sourceTree = "<group>"; };
		9259FFDA21A038C8005128C0 /* ViewController.m */ = {isa = PBXFileReference; lastKnownFileType = sourcecode.c.objc; path = ViewController.m; sourceTree = "<group>"; };
		9259FFDD21A038C8005128C0 /* Base */ = {isa = PBXFileReference; lastKnownFileType = file.storyboard; name = Base; path = Base.lproj/Main.storyboard; sourceTree = "<group>"; };
		9259FFDF21A038CD005128C0 /* Assets.xcassets */ = {isa = PBXFileReference; lastKnownFileType = folder.assetcatalog; path = Assets.xcassets; sourceTree = "<group>"; };
		9259FFE221A038CD005128C0 /* Base */ = {isa = PBXFileReference; lastKnownFileType = file.storyboard; name = Base; path = Base.lproj/LaunchScreen.storyboard; sourceTree = "<group>"; };
		9259FFE421A038CD005128C0 /* Info.plist */ = {isa = PBXFileReference; lastKnownFileType = text.plist.xml; path = Info.plist; sourceTree = "<group>"; };
		9259FFE521A038CD005128C0 /* main.m */ = {isa = PBXFileReference; lastKnownFileType = sourcecode.c.objc; path = main.m; sourceTree = "<group>"; };
		9259FFEB21A038CE005128C0 /* feedTests.xctest */ = {isa = PBXFileReference; explicitFileType = wrapper.cfbundle; includeInIndex = 0; path = feedTests.xctest; sourceTree = BUILT_PRODUCTS_DIR; };
		9259FFEF21A038CE005128C0 /* feedTests.m */ = {isa = PBXFileReference; lastKnownFileType = sourcecode.c.objc; path = feedTests.m; sourceTree = "<group>"; };
		9259FFF121A038CE005128C0 /* Info.plist */ = {isa = PBXFileReference; lastKnownFileType = text.plist.xml; path = Info.plist; sourceTree = "<group>"; };
		9259FFF621A038CE005128C0 /* feedUITests.xctest */ = {isa = PBXFileReference; explicitFileType = wrapper.cfbundle; includeInIndex = 0; path = feedUITests.xctest; sourceTree = BUILT_PRODUCTS_DIR; };
		9259FFFA21A038CE005128C0 /* feedUITests.m */ = {isa = PBXFileReference; lastKnownFileType = sourcecode.c.objc; path = feedUITests.m; sourceTree = "<group>"; };
		9259FFFC21A038CE005128C0 /* Info.plist */ = {isa = PBXFileReference; lastKnownFileType = text.plist.xml; path = Info.plist; sourceTree = "<group>"; };
/* End PBXFileReference section */

/* Begin PBXFrameworksBuildPhase section */
		9259FFD021A038C7005128C0 /* Frameworks */ = {
			isa = PBXFrameworksBuildPhase;
			buildActionMask = 2147483647;
			files = (
			);
			runOnlyForDeploymentPostprocessing = 0;
		};
		9259FFE821A038CE005128C0 /* Frameworks */ = {
			isa = PBXFrameworksBuildPhase;
			buildActionMask = 2147483647;
			files = (
			);
			runOnlyForDeploymentPostprocessing = 0;
		};
		9259FFF321A038CE005128C0 /* Frameworks */ = {
			isa = PBXFrameworksBuildPhase;
			buildActionMask = 2147483647;
			files = (
			);
			runOnlyForDeploymentPostprocessing = 0;
		};
/* End PBXFrameworksBuildPhase section */

/* Begin PBXGroup section */
		9259FFCA21A038C7005128C0 = {
			isa = PBXGroup;
			children = (
				9259FFD521A038C7005128C0 /* feed */,
				9259FFEE21A038CE005128C0 /* feedTests */,
				9259FFF921A038CE005128C0 /* feedUITests */,
				9259FFD421A038C7005128C0 /* Products */,
			);
			sourceTree = "<group>";
		};
		9259FFD421A038C7005128C0 /* Products */ = {
			isa = PBXGroup;
			children = (
				9259FFD321A038C7005128C0 /* feed.app */,
				9259FFEB21A038CE005128C0 /* feedTests.xctest */,
				9259FFF621A038CE005128C0 /* feedUITests.xctest */,
			);
			name = Products;
			sourceTree = "<group>";
		};
		9259FFD521A038C7005128C0 /* feed */ = {
			isa = PBXGroup;
			children = (
				9259FFD621A038C7005128C0 /* AppDelegate.h */,
				9259FFD721A038C7005128C0 /* AppDelegate.m */,
				9259FFD921A038C8005128C0 /* ViewController.h */,
				9259FFDA21A038C8005128C0 /* ViewController.m */,
				9259FFDC21A038C8005128C0 /* Main.storyboard */,
				9259FFDF21A038CD005128C0 /* Assets.xcassets */,
				9259FFE121A038CD005128C0 /* LaunchScreen.storyboard */,
				9259FFE421A038CD005128C0 /* Info.plist */,
				9259FFE521A038CD005128C0 /* main.m */,
			);
			path = feed;
			sourceTree = "<group>";
		};
		9259FFEE21A038CE005128C0 /* feedTests */ = {
			isa = PBXGroup;
			children = (
				9259FFEF21A038CE005128C0 /* feedTests.m */,
				9259FFF121A038CE005128C0 /* Info.plist */,
			);
			path = feedTests;
			sourceTree = "<group>";
		};
		9259FFF921A038CE005128C0 /* feedUITests */ = {
			isa = PBXGroup;
			children = (
				9259FFFA21A038CE005128C0 /* feedUITests.m */,
				9259FFFC21A038CE005128C0 /* Info.plist */,
			);
			path = feedUITests;
			sourceTree = "<group>";
		};
/* End PBXGroup section */

/* Begin PBXNativeTarget section */
		9259FFD221A038C7005128C0 /* feed */ = {
			isa = PBXNativeTarget;
			buildConfigurationList = 9259FFFF21A038CE005128C0 /* Build configuration list for PBXNativeTarget "feed" */;
			buildPhases = (
				9259FFCF21A038C7005128C0 /* Sources */,
				9259FFD021A038C7005128C0 /* Frameworks */,
				9259FFD121A038C7005128C0 /* Resources */,
			);
			buildRules = (
			);
			dependencies = (
			);
			name = feed;
			productName = demo;
			productReference = 9259FFD321A038C7005128C0 /* feed.app */;
			productType = "com.apple.product-type.application";
		};
		9259FFEA21A038CE005128C0 /* feedTests */ = {
			isa = PBXNativeTarget;
			buildConfigurationList = 9259000221A038CE005128C0 /* Build configuration list for PBXNativeTarget "feedTests" */;
			buildPhases = (
				9259FFE721A038CE005128C0 /* Sources */,
				9259FFE821A038CE005128C0 /* Frameworks */,
				9259FFE921A038CE005128C0 /* Resources */,
			);
			buildRules = (
			);
			dependencies = (
				9259FFED21A038CE005128C0 /* PBXTargetDependency */,
			);
			name = feedTests;
			productName = demoTests;
			productReference = 9259FFEB21A038CE005128C0 /* feedTests.xctest */;
			productType = "com.apple.product-type.bundle.unit-test";
		};
		9259FFF521A038CE005128C0 /* feedUITests */ = {
			isa = PBXNativeTarget;
			buildConfigurationList = 9259000521A038CE005128C0 /* Build configuration list for PBXNativeTarget "feedUITests" */;
			buildPhases = (
				9259FFF221A038CE005128C0 /* Sources */,
				9259FFF321A038CE005128C0 /* Frameworks */,
				9259FFF421A038CE005128C0 /* Resources */,
			);
			buildRules = (
			);
			dependencies = (
				9259FFF821A038CE005128C0 /* PBXTargetDependency */,
			);
			name = feedUITests;
			productName = demoUITests;
			productReference = 9259FFF621A038CE005128C0 /* feedUITests.xctest */;
			productType = "com.apple.product-type.bundle.ui-testing";
		};
/* End PBXNativeTarget section */

/* Begin PBXProject section */
		9259FFCB21A038C7005128C0 /* Project object */ = {
			isa = PBXProject;
			attributes = {
				LastUpgradeCheck = 1010;
				ORGANIZATIONNAME = "Denis Santos";
				TargetAttributes = {
					9259FFD221A038C7005128C0 = {
						CreatedOnToolsVersion = 10.1;
					};
					9259FFEA21A038CE005128C0 = {
						CreatedOnToolsVersion = 10.1;
						TestTargetID = 9259FFD221A038C7005128C0;
					};
					9259FFF521A038CE005128C0 = {
						CreatedOnToolsVersion = 10.1;
						TestTargetID = 9259FFD221A038C7005128C0;
					};
				};
			};
			buildConfigurationList = 9259FFCE21A038C7005128C0 /* Build configuration list for PBXProject "feed" */;
			compatibilityVersion = "Xcode 9.3";
			developmentRegion = en;
			hasScannedForEncodings = 0;
			knownRegions = (
				en,
				Base,
			);
			mainGroup = 9259FFCA21A038C7005128C0;
			productRefGroup = 9259FFD421A038C7005128C0 /* Products */;
			projectDirPath = "";
			projectRoot = "";
			targets = (
				9259FFD221A038C7005128C0 /* feed */,
				9259FFEA21A038CE005128C0 /* feedTests */,
				9259FFF521A038CE005128C0 /* feedUITests */,
			);
		};
/* End PBXProject section */

/* Begin PBXResourcesBuildPhase section */
		9259FFD121A038C7005128C0 /* Resources */ = {
			isa = PBXResourcesBuildPhase;
			buildActionMask = 2147483647;
			files = (
				9259FFE321A038CD005128C0 /* LaunchScreen.storyboard in Resources */,
				9259FFE021A038CD005128C0 /* Assets.xcassets in Resources */,
				9259FFDE21A038C8005128C0 /* Main.storyboard in Resources */,
			);
			runOnlyForDeploymentPostprocessing = 0;
		};
		9259FFE921A038CE005128C0 /* Resources */ = {
			isa = PBXResourcesBuildPhase;
			buildActionMask = 2147483647;
			files = (
			);
			runOnlyForDeploymentPostprocessing = 0;
		};
		9259FFF421A038CE005128C0 /* Resources */ = {
			isa = PBXResourcesBuildPhase;
			buildActionMask = 2147483647;
			files = (
			);
			runOnlyForDeploymentPostprocessing = 0;
		};
/* End PBXResourcesBuildPhase section */

/* Begin PBXSourcesBuildPhase section */
		9259FFCF21A038C7005128C0 /* Sources */ = {
			isa = PBXSourcesBuildPhase;
			buildActionMask = 2147483647;
			files = (
				9259FFDB21A038C8005128C0 /* ViewController.m in Sources */,
				9259FFE621A038CD005128C0 /* main.m in Sources */,
				9259FFD821A038C8005128C0 /* AppDelegate.m in Sources */,
			);
			runOnlyForDeploymentPostprocessing = 0;
		};
		9259FFE721A038CE005128C0 /* Sources */ = {
			isa = PBXSourcesBuildPhase;
			buildActionMask = 2147483647;
			files = (
				9259FFF021A038CE005128C0 /* feedTests.m in Sources */,
			);
			runOnlyForDeploymentPostprocessing = 0;
		};
		9259FFF221A038CE005128C0 /* Sources */ = {
			isa = PBXSourcesBuildPhase;
			buildActionMask = 2147483647;
			files = (
				9259FFFB21A038CE005128C0 /* feedUITests.m in Sources */,
			);
			runOnlyForDeploymentPostprocessing = 0;
		};
/* End PBXSourcesBuildPhase section */

/* Begin PBXTargetDependency section */
		9259FFED21A038CE005128C0 /* PBXTargetDependency */ = {
			isa = PBXTargetDependency;
			target = 9259FFD221A038C7005128C0 /* feed */;
			targetProxy = 9259FFEC21A038CE005128C0 /* PBXContainerItemProxy */;
		};
		9259FFF821A038CE005128C0 /* PBXTargetDependency */ = {
			isa = PBXTargetDependency;
			target = 9259FFD221A038C7005128C0 /* feed */;
			targetProxy = 9259FFF721A038CE005128C0 /* PBXContainerItemProxy */;
		};
/* End PBXTargetDependency section */

/* Begin PBXVariantGroup section */
		9259FFDC21A038C8005128C0 /* Main.storyboard */ = {
			isa = PBXVariantGroup;
			children = (
				9259FFDD21A038C8005128C0 /* Base */,
			);
			name = Main.storyboard;
			sourceTree = "<group>";
		};
		9259FFE121A038CD005128C0 /* LaunchScreen.storyboard */ = {
			isa = PBXVariantGroup;
			children = (
				9259FFE221A038CD005128C0 /* Base */,
			);
			name = LaunchScreen.storyboard;
			sourceTree = "<group>";
		};
/* End PBXVariantGroup section */

/* Begin XCBuildConfiguration section */
		9259000021A038CE005128C0 /* Debug */ = {
			isa = XCBuildConfiguration;
			buildSettings = {
				ASSETCATALOG_COMPILER_APPICON_NAME = AppIcon;
				CODE_SIGN_STYLE = Automatic;
				INFOPLIST_FILE = "$(SRCROOT)/feed/Info.plist";
				LD_RUNPATH_SEARCH_PATHS = (
					"$(inherited)",
					"@executable_path/Frameworks",
				);
				PRODUCT_BUNDLE_IDENTIFIER = com.dnsmob.feedlistdemo;
				PRODUCT_NAME = "$(TARGET_NAME)";
				TARGETED_DEVICE_FAMILY = "1,2";
			};
			name = Debug;
		};
		9259000121A038CE005128C0 /* Release */ = {
			isa = XCBuildConfiguration;
			buildSettings = {
				ASSETCATALOG_COMPILER_APPICON_NAME = AppIcon;
				CODE_SIGN_STYLE = Automatic;
				INFOPLIST_FILE = "$(SRCROOT)/feed/Info.plist";
				LD_RUNPATH_SEARCH_PATHS = (
					"$(inherited)",
					"@executable_path/Frameworks",
				);
				PRODUCT_BUNDLE_IDENTIFIER = com.dnsmob.feedlistdemo;
				PRODUCT_NAME = "$(TARGET_NAME)";
				TARGETED_DEVICE_FAMILY = "1,2";
			};
			name = Release;
		};
		9259000321A038CE005128C0 /* Debug */ = {
			isa = XCBuildConfiguration;
			buildSettings = {
				BUNDLE_LOADER = "$(TEST_HOST)";
				CODE_SIGN_STYLE = Automatic;
				INFOPLIST_FILE = demoTests/Info.plist;
				LD_RUNPATH_SEARCH_PATHS = (
					"$(inherited)",
					"@executable_path/Frameworks",
					"@loader_path/Frameworks",
				);
				PRODUCT_BUNDLE_IDENTIFIER = com.dnsmob.demoTests;
				PRODUCT_NAME = "$(TARGET_NAME)";
				TARGETED_DEVICE_FAMILY = "1,2";
				TEST_HOST = "$(BUILT_PRODUCTS_DIR)/feed.app/feed";
			};
			name = Debug;
		};
		9259000421A038CE005128C0 /* Release */ = {
			isa = XCBuildConfiguration;
			buildSettings = {
				BUNDLE_LOADER = "$(TEST_HOST)";
				CODE_SIGN_STYLE = Automatic;
				INFOPLIST_FILE = demoTests/Info.plist;
				LD_RUNPATH_SEARCH_PATHS = (
					"$(inherited)",
					"@executable_path/Frameworks",
					"@loader_path/Frameworks",
				);
				PRODUCT_BUNDLE_IDENTIFIER = com.dnsmob.demoTests;
				PRODUCT_NAME = "$(TARGET_NAME)";
				TARGETED_DEVICE_FAMILY = "1,2";
				TEST_HOST = "$(BUILT_PRODUCTS_DIR)/feed.app/feed";
			};
			name = Release;
		};
		9259000621A038CE005128C0 /* Debug */ = {
			isa = XCBuildConfiguration;
			buildSettings = {
				CODE_SIGN_STYLE = Automatic;
				INFOPLIST_FILE = demoUITests/Info.plist;
				LD_RUNPATH_SEARCH_PATHS = (
					"$(inherited)",
					"@executable_path/Frameworks",
					"@loader_path/Frameworks",
				);
				PRODUCT_BUNDLE_IDENTIFIER = com.dnsmob.demoUITests;
				PRODUCT_NAME = "$(TARGET_NAME)";
				TARGETED_DEVICE_FAMILY = "1,2";
				TEST_TARGET_NAME = demo;
			};
			name = Debug;
		};
		9259000721A038CE005128C0 /* Release */ = {
			isa = XCBuildConfiguration;
			buildSettings = {
				CODE_SIGN_STYLE = Automatic;
				INFOPLIST_FILE = demoUITests/Info.plist;
				LD_RUNPATH_SEARCH_PATHS = (
					"$(inherited)",
					"@executable_path/Frameworks",
					"@loader_path/Frameworks",
				);
				PRODUCT_BUNDLE_IDENTIFIER = com.dnsmob.demoUITests;
				PRODUCT_NAME = "$(TARGET_NAME)";
				TARGETED_DEVICE_FAMILY = "1,2";
				TEST_TARGET_NAME = demo;
			};
			name = Release;
		};
		9259FFFD21A038CE005128C0 /* Debug */ = {
			isa = XCBuildConfiguration;
			buildSettings = {
				ALWAYS_SEARCH_USER_PATHS = NO;
				CLANG_ANALYZER_NONNULL = YES;
				CLANG_ANALYZER_NUMBER_OBJECT_CONVERSION = YES_AGGRESSIVE;
				CLANG_CXX_LANGUAGE_STANDARD = "gnu++14";
				CLANG_CXX_LIBRARY = "libc++";
				CLANG_ENABLE_MODULES = YES;
				CLANG_ENABLE_OBJC_ARC = YES;
				CLANG_ENABLE_OBJC_WEAK = YES;
				CLANG_WARN_BLOCK_CAPTURE_AUTORELEASING = YES;
				CLANG_WARN_BOOL_CONVERSION = YES;
				CLANG_WARN_COMMA = YES;
				CLANG_WARN_CONSTANT_CONVERSION = YES;
				CLANG_WARN_DEPRECATED_OBJC_IMPLEMENTATIONS = YES;
				CLANG_WARN_DIRECT_OBJC_ISA_USAGE = YES_ERROR;
				CLANG_WARN_DOCUMENTATION_COMMENTS = YES;
				CLANG_WARN_EMPTY_BODY = YES;
				CLANG_WARN_ENUM_CONVERSION = YES;
				CLANG_WARN_INFINITE_RECURSION = YES;
				CLANG_WARN_INT_CONVERSION = YES;
				CLANG_WARN_NON_LITERAL_NULL_CONVERSION = YES;
				CLANG_WARN_OBJC_IMPLICIT_RETAIN_SELF = YES;
				CLANG_WARN_OBJC_LITERAL_CONVERSION = YES;
				CLANG_WARN_OBJC_ROOT_CLASS = YES_ERROR;
				CLANG_WARN_RANGE_LOOP_ANALYSIS = YES;
				CLANG_WARN_STRICT_PROTOTYPES = YES;
				CLANG_WARN_SUSPICIOUS_MOVE = YES;
				CLANG_WARN_UNGUARDED_AVAILABILITY = YES_AGGRESSIVE;
				CLANG_WARN_UNREACHABLE_CODE = YES;
				CLANG_WARN__DUPLICATE_METHOD_MATCH = YES;
				CODE_SIGN_IDENTITY = "iPhone Developer";
				COPY_PHASE_STRIP = NO;
				DEBUG_INFORMATION_FORMAT = dwarf;
				ENABLE_STRICT_OBJC_MSGSEND = YES;
				ENABLE_TESTABILITY = YES;
				GCC_C_LANGUAGE_STANDARD = gnu11;
				GCC_DYNAMIC_NO_PIC = NO;
				GCC_NO_COMMON_BLOCKS = YES;
				GCC_OPTIMIZATION_LEVEL = 0;
				GCC_PREPROCESSOR_DEFINITIONS = (
					"DEBUG=1",
					"$(inherited)",
				);
				GCC_WARN_64_TO_32_BIT_CONVERSION = YES;
				GCC_WARN_ABOUT_RETURN_TYPE = YES_ERROR;
				GCC_WARN_UNDECLARED_SELECTOR = YES;
				GCC_WARN_UNINITIALIZED_AUTOS = YES_AGGRESSIVE;
				GCC_WARN_UNUSED_FUNCTION = YES;
				GCC_WARN_UNUSED_VARIABLE = YES;
				IPHONEOS_DEPLOYMENT_TARGET = 12.1;
				MTL_ENABLE_DEBUG_INFO = INCLUDE_SOURCE;
				MTL_FAST_MATH = YES;
				ONLY_ACTIVE_ARCH = YES;
				SDKROOT = iphoneos;
			};
			name = Debug;
		};
		9259FFFE21A038CE005128C0 /* Release */ = {
			isa = XCBuildConfiguration;
			buildSettings = {
				ALWAYS_SEARCH_USER_PATHS = NO;
				CLANG_ANALYZER_NONNULL = YES;
				CLANG_ANALYZER_NUMBER_OBJECT_CONVERSION = YES_AGGRESSIVE;
				CLANG_CXX_LANGUAGE_STANDARD = "gnu++14";
				CLANG_CXX_LIBRARY = "libc++";
				CLANG_ENABLE_MODULES = YES;
				CLANG_ENABLE_OBJC_ARC = YES;
				CLANG_ENABLE_OBJC_WEAK = YES;
				CLANG_WARN_BLOCK_CAPTURE_AUTORELEASING = YES;
				CLANG_WARN_BOOL_CONVERSION = YES;
				CLANG_WARN_COMMA = YES;
				CLANG_WARN_CONSTANT_CONVERSION = YES;
				CLANG_WARN_DEPRECATED_OBJC_IMPLEMENTATIONS = YES;
				CLANG_WARN_DIRECT_OBJC_ISA_USAGE = YES_ERROR;
				CLANG_WARN_DOCUMENTATION_COMMENTS = YES;
				CLANG_WARN_EMPTY_BODY = YES;
				CLANG_WARN_ENUM_CONVERSION = YES;
				CLANG_WARN_INFINITE_RECURSION = YES;
				CLANG_WARN_INT_CONVERSION = YES;
				CLANG_WARN_NON_LITERAL_NULL_CONVERSION = YES;
				CLANG_WARN_OBJC_IMPLICIT_RETAIN_SELF = YES;
				CLANG_WARN_OBJC_LITERAL_CONVERSION = YES;
				CLANG_WARN_OBJC_ROOT_CLASS = YES_ERROR;
				CLANG_WARN_RANGE_LOOP_ANALYSIS = YES;
				CLANG_WARN_STRICT_PROTOTYPES = YES;
				CLANG_WARN_SUSPICIOUS_MOVE = YES;
				CLANG_WARN_UNGUARDED_AVAILABILITY = YES_AGGRESSIVE;
				CLANG_WARN_UNREACHABLE_CODE = YES;
				CLANG_WARN__DUPLICATE_METHOD_MATCH = YES;
				CODE_SIGN_IDENTITY = "iPhone Developer";
				COPY_PHASE_STRIP = NO;
				DEBUG_INFORMATION_FORMAT = "dwarf-with-dsym";
				ENABLE_NS_ASSERTIONS = NO;
				ENABLE_STRICT_OBJC_MSGSEND = YES;
				GCC_C_LANGUAGE_STANDARD = gnu11;
				GCC_NO_COMMON_BLOCKS = YES;
				GCC_WARN_64_TO_32_BIT_CONVERSION = YES;
				GCC_WARN_ABOUT_RETURN_TYPE = YES_ERROR;
				GCC_WARN_UNDECLARED_SELECTOR = YES;
				GCC_WARN_UNINITIALIZED_AUTOS = YES_AGGRESSIVE;
				GCC_WARN_UNUSED_FUNCTION = YES;
				GCC_WARN_UNUSED_VARIABLE = YES;
				IPHONEOS_DEPLOYMENT_TARGET = 12.1;
				MTL_ENABLE_DEBUG_INFO = NO;
				MTL_FAST_MATH = YES;
				SDKROOT = iphoneos;
				VALIDATE_PRODUCT = YES;
			};
			name = Release;
		};
/* End XCBuildConfiguration section */

/* Begin XCConfigurationList section */
		9259000221A038CE005128C0 /* Build configuration list for PBXNativeTarget "feedTests" */ = {
			isa = XCConfigurationList;
			buildConfigurations = (
				9259000321A038CE005128C0 /* Debug */,
				9259000421A038CE005128C0 /* Release */,
			);
			defaultConfigurationIsVisible = 0;
			defaultConfigurationName = Release;
		};
		9259000521A038CE005128C0 /* Build configuration list for PBXNativeTarget "feedUITests" */ = {
			isa = XCConfigurationList;
			buildConfigurations = (
				9259000621A038CE005128C0 /* Debug */,
				9259000721A038CE005128C0 /* Release */,
			);
			defaultConfigurationIsVisible = 0;
			defaultConfigurationName = Release;
		};
		9259FFCE21A038C7005128C0 /* Build configuration list for PBXProject "feed" */ = {
			isa = XCConfigurationList;
			buildConfigurations = (
				9259FFFD21A038CE005128C0 /* Debug */,
				9259FFFE21A038CE005128C0 /* Release */,
			);
			defaultConfigurationIsVisible = 0;
			defaultConfigurationName = Release;
		};
		9259FFFF21A038CE005128C0 /* Build configuration list for PBXNativeTarget "feed" */ = {
			isa = XCConfigurationList;
			buildConfigurations = (
				9259000021A038CE005128C0 /* Debug */,
				9259000121A038CE005128C0 /* Release */,
			);
			defaultConfigurationIsVisible = 0;
			defaultConfigurationName = Release;
		};
/* End XCConfigurationList section */
	};
	rootObject = 9259FFCB21A038C7005128C0 /* Project object */;
}
